
Microsoft Visual Studio Solution File, Format Version 12.00
# Visual Studio Version 17
VisualStudioVersion = 17.0.31903.59
MinimumVisualStudioVersion = 10.0.40219.1
Project("{FAE04EC0-301F-11D3-BF4B-00C04F79EFBC}") = "PalindromReser", "PalindromReser\PalindromReser.csproj", "{2FA2F1E7-60BA-4C1C-B816-CA73BE01BC65}"
EndProject
Global
	GlobalSection(SolutionConfigurationPlatforms) = preSolution
		Debug|Any CPU = Debug|Any CPU
		Release|Any CPU = Release|Any CPU
	EndGlobalSection
	GlobalSection(ProjectConfigurationPlatforms) = postSolution
		{2FA2F1E7-60BA-4C1C-B816-CA73BE01BC65}.Debug|Any CPU.ActiveCfg = Debug|Any CPU
		{2FA2F1E7-60BA-4C1C-B816-CA73BE01BC65}.Debug|Any CPU.Build.0 = Debug|Any CPU
		{2FA2F1E7-60BA-4C1C-B816-CA73BE01BC65}.Release|Any CPU.ActiveCfg = Release|Any CPU
		{2FA2F1E7-60BA-4C1C-B816-CA73BE01BC65}.Release|Any CPU.Build.0 = Release|Any CPU
	EndGlobalSection
	GlobalSection(SolutionProperties) = preSolution
		HideSolutionNode = FALSE
	EndGlobalSection
	GlobalSection(ExtensibilityGlobals) = postSolution
		SolutionGuid = {050E4796-7199-42CD-82F2-1588D8CE6D7D}
	EndGlobalSection
EndGlobal
